
Microsoft Visual Studio Solution File, Format Version 12.00
# Visual Studio Version 17
VisualStudioVersion = 17.3.32922.545
MinimumVisualStudioVersion = 10.0.40219.1
Project("{9A19103F-16F7-4668-BE54-9A1E7A4F7556}") = "WebApi", "WebApi\WebApi.csproj", "{289236A8-9B07-488F-A724-5EE382BDDE20}"
EndProject
Project("{FAE04EC0-301F-11D3-BF4B-00C04F79EFBC}") = "WebApp", "WebApp\WebApp.csproj", "{0444B159-B921-4D3F-BEFB-EDC45CCACDF1}"
EndProject
Global
	GlobalSection(SolutionConfigurationPlatforms) = preSolution
		Debug|Any CPU = Debug|Any CPU
		Release|Any CPU = Release|Any CPU
	EndGlobalSection
	GlobalSection(ProjectConfigurationPlatforms) = postSolution
		{289236A8-9B07-488F-A724-5EE382BDDE20}.Debug|Any CPU.ActiveCfg = Debug|Any CPU
		{289236A8-9B07-488F-A724-5EE382BDDE20}.Debug|Any CPU.Build.0 = Debug|Any CPU
		{289236A8-9B07-488F-A724-5EE382BDDE20}.Release|Any CPU.ActiveCfg = Release|Any CPU
		{289236A8-9B07-488F-A724-5EE382BDDE20}.Release|Any CPU.Build.0 = Release|Any CPU
		{0444B159-B921-4D3F-BEFB-EDC45CCACDF1}.Debug|Any CPU.ActiveCfg = Debug|Any CPU
		{0444B159-B921-4D3F-BEFB-EDC45CCACDF1}.Debug|Any CPU.Build.0 = Debug|Any CPU
		{0444B159-B921-4D3F-BEFB-EDC45CCACDF1}.Release|Any CPU.ActiveCfg = Release|Any CPU
		{0444B159-B921-4D3F-BEFB-EDC45CCACDF1}.Release|Any CPU.Build.0 = Release|Any CPU
	EndGlobalSection
	GlobalSection(SolutionProperties) = preSolution
		HideSolutionNode = FALSE
	EndGlobalSection
	GlobalSection(ExtensibilityGlobals) = postSolution
		SolutionGuid = {DB66F3D3-010D-445B-BFC3-5540950F1A7A}
	EndGlobalSection
EndGlobal
